
Microsoft Visual Studio Solution File, Format Version 12.00
# Visual Studio Version 17
VisualStudioVersion = 17.9.34902.65
MinimumVisualStudioVersion = 10.0.40219.1
Project("{FAE04EC0-301F-11D3-BF4B-00C04F79EFBC}") = "the-garden-group", "the-garden-group\the-garden-group.csproj", "{CAB05A2F-41AE-4911-8594-3F480CAB325D}"
EndProject
Global
	GlobalSection(SolutionConfigurationPlatforms) = preSolution
		Debug|Any CPU = Debug|Any CPU
		Release|Any CPU = Release|Any CPU
	EndGlobalSection
	GlobalSection(ProjectConfigurationPlatforms) = postSolution
		{CAB05A2F-41AE-4911-8594-3F480CAB325D}.Debug|Any CPU.ActiveCfg = Debug|Any CPU
		{CAB05A2F-41AE-4911-8594-3F480CAB325D}.Debug|Any CPU.Build.0 = Debug|Any CPU
		{CAB05A2F-41AE-4911-8594-3F480CAB325D}.Release|Any CPU.ActiveCfg = Release|Any CPU
		{CAB05A2F-41AE-4911-8594-3F480CAB325D}.Release|Any CPU.Build.0 = Release|Any CPU
	EndGlobalSection
	GlobalSection(SolutionProperties) = preSolution
		HideSolutionNode = FALSE
	EndGlobalSection
	GlobalSection(ExtensibilityGlobals) = postSolution
		SolutionGuid = {C07FAB04-8630-48DA-A6F6-80ABC62F407A}
	EndGlobalSection
EndGlobal
